{
  "name": "@fortawesome/fontawesome-free-brands",
  "version": "5.0.6",
  "lockfileVersion": 1,
  "requires": true,
  "dependencies": {
    "@fortawesome/fontawesome-common-types": {
      "version": "0.1.2",
      "resolved": "https://registry.npmjs.org/@fortawesome/fontawesome-common-types/-/fontawesome-common-types-0.1.2.tgz",
      "integrity": "sha512-l6pzAz8wVL7Z6CD/hYN7593xogzMFfX04dwyniqDswT8whGSopSG3UMOIx7xkBFbnXTdRgi4/2tbwFXyBy2WBw=="
    }
  }
}
